{
    __meta__ = {
        version = "1.0"
    },
    ["windows|x64"] = {
        ["cmake#f56260b5"] = {
            repo = {
                branch = "master",
                commit = "7639a5387649f829ba3df6a520c0416377aeeb40",
                url = "https://github.com/xmake-io/xmake-repo.git"
            },
            version = "4.2.1"
        },
        ["directxmath#f56260b5"] = {
            repo = {
                branch = "master",
                commit = "04bd4496f8569b9cd9855c9ba4eec8e8ad2ae36f",
                url = "https://github.com/xmake-io/xmake-repo.git"
            },
            version = "2024.02"
        },
        ["directxtk#f56260b5"] = {
            repo = {
                branch = "master",
                commit = "04bd4496f8569b9cd9855c9ba4eec8e8ad2ae36f",
                url = "https://github.com/xmake-io/xmake-repo.git"
            },
            version = "24.2.0"
        },
        ["ninja#f56260b5"] = {
            repo = {
                branch = "master",
                commit = "7639a5387649f829ba3df6a520c0416377aeeb40",
                url = "https://github.com/xmake-io/xmake-repo.git"
            },
            version = "1.12.1"
        },
        ["rapidcsv#f56260b5"] = {
            repo = {
                branch = "master",
                commit = "04bd4496f8569b9cd9855c9ba4eec8e8ad2ae36f",
                url = "https://github.com/xmake-io/xmake-repo.git"
            },
            version = "v8.90"
        },
        ["spdlog#09c8c173"] = {
            repo = {
                branch = "master",
                commit = "7639a5387649f829ba3df6a520c0416377aeeb40",
                url = "https://github.com/xmake-io/xmake-repo.git"
            },
            version = "v1.17.0"
        },
        ["xbyak#f56260b5"] = {
            repo = {
                branch = "master",
                commit = "04bd4496f8569b9cd9855c9ba4eec8e8ad2ae36f",
                url = "https://github.com/xmake-io/xmake-repo.git"
            },
            version = "v7.06"
        }
    }
}